<?xml version="1.0" encoding="utf-8"?>
<Project ToolsVersion="4.0" xmlns="http://schemas.microsoft.com/developer/msbuild/2003">
  <ItemGroup>
    <Manifest Include="WindowsShell.manifest" />
  </ItemGroup>
  <ItemGroup>
    <ClCompile Include="BandSite.cpp" />
    <ClCompile Include="ClassFac.cpp" />
    <ClCompile Include="CoCreateInstanceHook.cpp" />
    <ClCompile Include="COWSite.cpp" />
    <ClCompile Include="CWndProc.cpp" />
    <ClCompile Include="debug.cpp" />
    <ClCompile Include="desktop2\DefaultMFU.cpp" />
    <ClCompile Include="desktop2\DeskHost.cpp" />
    <ClCompile Include="desktop2\Logoff.cpp" />
    <ClCompile Include="desktop2\MoreProg.cpp" />
    <ClCompile Include="desktop2\ProgList.cpp" />
    <ClCompile Include="desktop2\SFTHost.cpp" />
    <ClCompile Include="desktop2\SpecFldr.cpp" />
    <ClCompile Include="desktop2\UserPane.cpp" />
    <ClCompile Include="desktop2\WrapCtl.cpp" />
    <ClCompile Include="DesktopP.cpp" />
    <ClCompile Include="DllLoad.cpp" />
    <ClCompile Include="HostUtil.cpp" />
    <ClCompile Include="IEGuidP.cpp" />
    <ClCompile Include="immersive\ImmersiveInit.cpp" />
    <ClCompile Include="InitCab.cpp" />
    <ClCompile Include="libx.cpp" />
    <ClCompile Include="Mixer.cpp" />
    <ClCompile Include="Path.cpp" />
    <ClCompile Include="pch.cpp" />
    <ClCompile Include="PinnedList.cpp" />
    <ClCompile Include="RunTask.cpp" />
    <ClCompile Include="Shell32StartMnu.cpp" />
    <ClCompile Include="SHFusion.cpp" />
    <ClCompile Include="ShUndoc.cpp" />
    <ClCompile Include="SSOMgr.cpp" />
    <ClCompile Include="StartButton.cpp" />
    <ClCompile Include="StartMnu.cpp" />
    <ClCompile Include="TaskBand.cpp" />
    <ClCompile Include="TaskBar.cpp" />
    <ClCompile Include="ThemeManager.cpp" />
    <ClCompile Include="Tray.cpp" />
    <ClCompile Include="TrayClok.cpp" />
    <ClCompile Include="TrayCmn.cpp" />
    <ClCompile Include="TrayItem.cpp" />
    <ClCompile Include="TrayNot.cpp" />
    <ClCompile Include="TrayProp.cpp" />
    <ClCompile Include="TrayReg.cpp" />
    <ClCompile Include="UEMApp.cpp" />
    <ClCompile Include="Util.cpp" />
    <ClCompile Include="Desktop2\OpenHost.cpp" />
    <ClCompile Include="Desktop2\OpenBox.cpp" />
    <ClCompile Include="Desktop2\NSCHost.cpp" />
    <ClCompile Include="Desktop2\SrchView.cpp" />
    <ClCompile Include="Desktop2\TopMatch.cpp" />
    <ClCompile Include="shstr.cpp" />
  </ItemGroup>
  <ItemGroup>
    <ClInclude Include="CoCreateInstanceHook.h" />
    <ClInclude Include="COWSite.h" />
    <ClInclude Include="desktop2\DeskHost.h" />
    <ClInclude Include="desktop2\Desktop2.h" />
    <ClInclude Include="desktop2\MoreProg.h" />
    <ClInclude Include="desktop2\PidlButton.h" />
    <ClInclude Include="desktop2\ProgList.h" />
    <ClInclude Include="desktop2\resource.h" />
    <ClInclude Include="desktop2\SFTHost.h" />
    <ClInclude Include="desktop2\SpecFldr.h" />
    <ClInclude Include="desktop2\stdafx.h" />
    <ClInclude Include="desktop2\UserPane.h" />
    <ClInclude Include="desktopp.h" />
    <ClInclude Include="immersive\ImmersiveDefs.h" />
    <ClInclude Include="immersive\ImmersiveInit.h" />
    <ClInclude Include="PatternHelper.h" />
    <ClInclude Include="NtPerf.h" />
    <ClInclude Include="NtWmi.h" />
    <ClInclude Include="Path.h" />
    <ClInclude Include="pch.h" />
    <ClInclude Include="QSort.h" />
    <ClInclude Include="RunTask.h" />
    <ClInclude Include="SHFusion.h" />
    <ClInclude Include="StartButton.h" />
    <ClInclude Include="ThemeManager.h" />
    <ClInclude Include="UEMApp.h" />
    <ClInclude Include="Winter.h" />
    <ClInclude Include="wmiumkm.h" />
    <ClInclude Include="wtl\atlapp.h" />
    <ClInclude Include="wtl\atlcrack.h" />
    <ClInclude Include="wtl\atlctrls.h" />
    <ClInclude Include="wtl\atlctrlw.h" />
    <ClInclude Include="wtl\atlctrlx.h" />
    <ClInclude Include="wtl\atlddx.h" />
    <ClInclude Include="wtl\atldlgs.h" />
    <ClInclude Include="wtl\atlfind.h" />
    <ClInclude Include="wtl\atlframe.h" />
    <ClInclude Include="wtl\atlgdi.h" />
    <ClInclude Include="wtl\atlmisc.h" />
    <ClInclude Include="wtl\atlprint.h" />
    <ClInclude Include="wtl\atlres.h" />
    <ClInclude Include="wtl\atlresce.h" />
    <ClInclude Include="wtl\atlscrl.h" />
    <ClInclude Include="wtl\atlsplit.h" />
    <ClInclude Include="atlstuff.h" />
    <ClInclude Include="BandSite.h" />
    <ClInclude Include="cabinet.h" />
    <ClInclude Include="CriticalSection.h" />
    <ClInclude Include="CWndProc.h" />
    <ClInclude Include="debug.h" />
    <ClInclude Include="dlg.h" />
    <ClInclude Include="DPA.h" />
    <ClInclude Include="Help.h" />
    <ClInclude Include="HostUtil.h" />
    <ClInclude Include="IEGuidP.h" />
    <ClInclude Include="MFUList.h" />
    <ClInclude Include="Mixer.h" />
    <ClInclude Include="Port32.h" />
    <ClInclude Include="rcids.h" />
    <ClInclude Include="ShDGuid.h" />
    <ClInclude Include="ShGuidP.h" />
    <ClInclude Include="ShUndoc.h" />
    <ClInclude Include="SSOMgr.h" />
    <ClInclude Include="StartIds.h" />
    <ClInclude Include="StartMnu.h" />
    <ClInclude Include="TaskBand.h" />
    <ClInclude Include="TaskBar.h" />
    <ClInclude Include="Tray.h" />
    <ClInclude Include="TrayClok.h" />
    <ClInclude Include="TrayCmn.h" />
    <ClInclude Include="TrayItem.h" />
    <ClInclude Include="TrayNot.h" />
    <ClInclude Include="TrayP.h" />
    <ClInclude Include="TrayReg.h" />
    <ClInclude Include="UserPane.h" />
    <ClInclude Include="Util.h" />
    <ClInclude Include="w4warn.h" />
    <ClInclude Include="WinUserP.h" />
    <ClInclude Include="wtl\atltheme.h" />
    <ClInclude Include="wtl\atluser.h" />
    <ClInclude Include="wtl\atlwince.h" />
    <ClInclude Include="wtl\atlwinx.h" />
    <ClInclude Include="Desktop2\OpenHost.h" />
    <ClInclude Include="Desktop2\OpenBox.h" />
    <ClInclude Include="Desktop2\NSCHost.h" />
    <ClInclude Include="Desktop2\SrchView.h" />
    <ClInclude Include="Desktop2\TopMatch.h" />
    <ClInclude Include="shstr.h" />
  </ItemGroup>
  <ItemGroup>
    <ResourceCompile Include="dlg.rc" />
    <ResourceCompile Include="Explorer.rc" />
  </ItemGroup>
  <ItemGroup>
    <Xml Include="muiconfig.xml" />
  </ItemGroup>
  <ItemGroup>
    <Image Include="resources\clasicsm.ico" />
    <Image Include="resources\classicsm.bmp" />
    <Image Include="resources\desktop.ico" />
    <Image Include="resources\docs.ico" />
    <Image Include="resources\folderop.ico" />
    <Image Include="resources\inetmail.ico" />
    <Image Include="resources\inetweb.ico" />
    <Image Include="resources\logoffbuttons.bmp" />
    <Image Include="resources\LogoffButtonsAero.bmp" />
    <Image Include="resources\LogoffButtonsAeroDisabled.bmp" />
    <Image Include="resources\LogoffButtonsAeroPressed.bmp" />
    <Image Include="resources\LogoffButtonsExpander.bmp" />
    <Image Include="resources\LogoffButtonsExpanderLarge.bmp" />
    <Image Include="resources\logoffbuttonshot.bmp" />
    <Image Include="resources\LogoffButtonsLarge.bmp" />
    <Image Include="resources\LogoffButtonsLargeAero.bmp" />
    <Image Include="resources\LogoffButtonsLargeAeroDisabled.bmp" />
    <Image Include="resources\LogoffButtonsLargeAeroPressed.bmp" />
    <Image Include="resources\LogoffButtonsLargePressed.bmp" />
    <Image Include="resources\LogoffButtonsPressed.bmp" />
    <Image Include="resources\Marketplace.ico" />
    <Image Include="resources\Messenger.ico" />
    <Image Include="resources\mycomold.ico" />
    <Image Include="resources\mycomp.ico" />
    <Image Include="resources\naclockclean.bmp" />
    <Image Include="resources\naclocknoclean.bmp" />
    <Image Include="resources\nanoclockclean.bmp" />
    <Image Include="nanoclocknoclean.bmp" />
    <Image Include="resources\newsm.bmp" />
    <Image Include="resources\NoProgram.ico" />
    <Image Include="resources\NotificationArea\Clean_Clock_Battery_Network_NoSound.bmp" />
    <Image Include="resources\NotificationArea\Clean_Clock_Battery_Network_Sound.bmp" />
    <Image Include="resources\NotificationArea\Clean_Clock_Battery_NoNetwork_NoSound.bmp" />
    <Image Include="resources\NotificationArea\Clean_Clock_NoBattery_Network_NoSound.bmp" />
    <Image Include="resources\NotificationArea\Clean_Clock_NoBattery_Network_Sound.bmp" />
    <Image Include="resources\NotificationArea\Clean_Clock_NoBattery_NoNetwork_NoSound.bmp" />
    <Image Include="resources\NotificationArea\Clean_Clock_NoBattery_NoNetwork_Sound.bmp" />
    <Image Include="resources\NotificationArea\Clean_NoClock_Battery_Network_NoSound.bmp" />
    <Image Include="resources\NotificationArea\Clean_NoClock_Battery_Network_Sound.bmp" />
    <Image Include="resources\NotificationArea\Clean_NoClock_Battery_NoNetwork_NoSound.bmp" />
    <Image Include="resources\NotificationArea\Clean_NoClock_Battery_NoNetwork_Sound.bmp" />
    <Image Include="resources\NotificationArea\Clean_NoClock_NoBattery_Network_NoSound.bmp" />
    <Image Include="resources\NotificationArea\Clean_NoClock_NoBattery_Network_Sound.bmp" />
    <Image Include="resources\NotificationArea\Clean_NoClock_NoBattery_NoNetwork_NoSound.bmp" />
    <Image Include="resources\NotificationArea\Clean_NoClock_NoBattery_NoNetwork_Sound.bmp" />
    <Image Include="resources\NotificationArea\NoClean_Clock_Battery_Network_NoSound.bmp" />
    <Image Include="resources\NotificationArea\NoClean_Clock_Battery_Network_Sound.bmp" />
    <Image Include="resources\NotificationArea\NoClean_Clock_Battery_NoNetwork_NoSound.bmp" />
    <Image Include="resources\NotificationArea\NoClean_Clock_NoBattery_Network_NoSound.bmp" />
    <Image Include="resources\NotificationArea\NoClean_Clock_NoBattery_Network_Sound.bmp" />
    <Image Include="resources\NotificationArea\NoClean_Clock_NoBattery_NoNetwork_NoSound.bmp" />
    <Image Include="resources\NotificationArea\NoClean_Clock_NoBattery_NoNetwork_Sound.bmp" />
    <Image Include="resources\NotificationArea\NoClean_NoClock_Battery_Network_NoSound.bmp" />
    <Image Include="resources\NotificationArea\NoClean_NoClock_Battery_Network_Sound.bmp" />
    <Image Include="resources\NotificationArea\NoClean_NoClock_Battery_NoNetwork_NoSound.bmp" />
    <Image Include="resources\NotificationArea\NoClean_NoClock_Battery_NoNetwork_Sound.bmp" />
    <Image Include="resources\NotificationArea\NoClean_NoClock_NoBattery_Network_NoSound.bmp" />
    <Image Include="resources\NotificationArea\NoClean_NoClock_NoBattery_Network_Sound.bmp" />
    <Image Include="resources\NotificationArea\NoClean_NoClock_NoBattery_NoNetwork_NoSound.bmp" />
    <Image Include="resources\NotificationArea\NoClean_NoClock_NoBattery_NoNetwork_Sound.bmp" />
    <Image Include="resources\old_error.ico" />
    <Image Include="resources\old_info.ico" />
    <Image Include="resources\old_printer.ico" />
    <Image Include="resources\old_printerr.ico" />
    <Image Include="resources\old_warning.ico" />
    <Image Include="resources\overflow.ico" />
    <Image Include="resources\sbsbkg.bmp" />
    <Image Include="resources\ShellBrd\ClassicSMBanner.bmp" />
    <Image Include="resources\ShellBrd\start16.bmp" />
    <Image Include="resources\ShellBrd\start16mask.bmp" />
    <Image Include="resources\ShellBrd\startclassic.bmp" />
    <Image Include="resources\ShowDesktop.ico" />
    <Image Include="resources\smwmail.ico" />
    <Image Include="resources\srvadv2.bmp" />
    <Image Include="resources\srvapp.bmp" />
    <Image Include="resources\srvbkg.bmp" />
    <Image Include="resources\srvdc2.bmp" />
    <Image Include="resources\srvemb.bmp" />
    <Image Include="resources\srvweb.bmp" />
    <Image Include="resources\start.bmp" />
    <Image Include="resources\start.ico" />
    <Image Include="resources\start16.bmp" />
    <Image Include="resources\start16mask.bmp" />
    <Image Include="resources\startclassic.bmp" />
    <Image Include="resources\startem.bmp" />
    <Image Include="resources\starter.bmp" />
    <Image Include="resources\stmuper.bmp" />
    <Image Include="resources\stmupr64.bmp" />
    <Image Include="resources\stmupro.bmp" />
    <Image Include="resources\stmutab.bmp" />
    <Image Include="resources\taautohide.bmp" />
    <Image Include="resources\talockgroup.bmp" />
    <Image Include="resources\talocknogroup.bmp" />
    <Image Include="resources\tanolockgroup.bmp" />
    <Image Include="resources\tanolocknogroup.bmp" />
    <Image Include="resources\taqllockgroup.bmp" />
    <Image Include="resources\taqllocknogroup.bmp" />
    <Image Include="resources\taqlnolockgroup.bmp" />
    <Image Include="resources\taqlnolocknogroup.bmp" />
    <Image Include="resources\traych.bmp" />
    <Image Include="resources\traycho.bmp" />
    <Image Include="resources\traycv.bmp" />
    <Image Include="resources\traycvo.bmp" />
    <Image Include="resources\treeup.ico" />
    <Image Include="resources\tsbanner.bmp" />
    <Image Include="resources\underflow.ico" />
    <Image Include="resources\WindowsWeb.ico" />
  </ItemGroup>
  <ItemGroup>
    <None Include="Explorer.rcv" />
    <None Include="immersive\README.md" />
    <None Include="InterfacesP.inc" />
  </ItemGroup>
</Project>